
Microsoft Visual Studio Solution File, Format Version 12.00
# Visual Studio 14
VisualStudioVersion = 14.0.25420.1
MinimumVisualStudioVersion = 10.0.40219.1
Project("{FAE04EC0-301F-11D3-BF4B-00C04F79EFBC}") = "EasySwarm2.0", "EsaySwarm2.0\EasySwarm2.0.csproj", "{5ED9EB6A-989B-4F91-A4C5-1E23DFE5624C}"
	ProjectSection(ProjectDependencies) = postProject
		{20296734-5F3C-4593-A0D5-DD20B440B13A} = {20296734-5F3C-4593-A0D5-DD20B440B13A}
	EndProjectSection
EndProject
Project("{FAE04EC0-301F-11D3-BF4B-00C04F79EFBC}") = "MAVLink", "Mavlink\MAVLink.csproj", "{20296734-5F3C-4593-A0D5-DD20B440B13A}"
EndProject
Project("{FAE04EC0-301F-11D3-BF4B-00C04F79EFBC}") = "Lora", "Lora\Lora.csproj", "{4C908053-2F4D-4C82-9BFC-50DF8B312212}"
EndProject
Global
	GlobalSection(SolutionConfigurationPlatforms) = preSolution
		Debug|Any CPU = Debug|Any CPU
		Release|Any CPU = Release|Any CPU
	EndGlobalSection
	GlobalSection(ProjectConfigurationPlatforms) = postSolution
		{5ED9EB6A-989B-4F91-A4C5-1E23DFE5624C}.Debug|Any CPU.ActiveCfg = Debug|Any CPU
		{5ED9EB6A-989B-4F91-A4C5-1E23DFE5624C}.Debug|Any CPU.Build.0 = Debug|Any CPU
		{5ED9EB6A-989B-4F91-A4C5-1E23DFE5624C}.Release|Any CPU.ActiveCfg = Release|Any CPU
		{5ED9EB6A-989B-4F91-A4C5-1E23DFE5624C}.Release|Any CPU.Build.0 = Release|Any CPU
		{20296734-5F3C-4593-A0D5-DD20B440B13A}.Debug|Any CPU.ActiveCfg = Debug|Any CPU
		{20296734-5F3C-4593-A0D5-DD20B440B13A}.Debug|Any CPU.Build.0 = Debug|Any CPU
		{20296734-5F3C-4593-A0D5-DD20B440B13A}.Release|Any CPU.ActiveCfg = Release|Any CPU
		{20296734-5F3C-4593-A0D5-DD20B440B13A}.Release|Any CPU.Build.0 = Release|Any CPU
		{4C908053-2F4D-4C82-9BFC-50DF8B312212}.Debug|Any CPU.ActiveCfg = Debug|Any CPU
		{4C908053-2F4D-4C82-9BFC-50DF8B312212}.Debug|Any CPU.Build.0 = Debug|Any CPU
		{4C908053-2F4D-4C82-9BFC-50DF8B312212}.Release|Any CPU.ActiveCfg = Release|Any CPU
		{4C908053-2F4D-4C82-9BFC-50DF8B312212}.Release|Any CPU.Build.0 = Release|Any CPU
	EndGlobalSection
	GlobalSection(SolutionProperties) = preSolution
		HideSolutionNode = FALSE
	EndGlobalSection
EndGlobal
